{
    "_readme": [
        "This file locks the dependencies of your project to a known state",
        "Read more about it at http://getcomposer.org/doc/01-basic-usage.md#composer-lock-the-lock-file"
    ],
    "hash": "4d3666b4d79f8e40a6dfc1ff833caa31",
    "packages": [
        {
            "name": "goldfinger/timer",
            "version": "dev-master",
            "source": {
                "type": "git",
                "url": "https://github.com/pokoot/Timer.git",
                "reference": "afa59beda0ad1f8f92a4462ef4c9e1af1bb140ab"
            },
            "dist": {
                "type": "zip",
                "url": "https://api.github.com/repos/pokoot/Timer/zipball/afa59beda0ad1f8f92a4462ef4c9e1af1bb140ab",
                "reference": "afa59beda0ad1f8f92a4462ef4c9e1af1bb140ab",
                "shasum": ""
            },
            "require": {
                "php": ">=5.3.0"
            },
            "type": "library",
            "autoload": {
                "classmap": [
                    "src/"
                ]
            },
            "notification-url": "https://packagist.org/downloads/",
            "authors": [
                {
                    "name": "Harold Kim",
                    "email": "pokoot@gmail.com"
                }
            ],
            "description": "Measures some time on a script and shows on how long it has been taken to be interpreted.",
            "time": "2013-12-18 00:46:52"
        }
    ],
    "packages-dev": [

    ],
    "aliases": [

    ],
    "minimum-stability": "dev",
    "stability-flags": {
        "goldfinger/timer": 20
    },
    "platform": {
        "php": ">=5.3.0"
    },
    "platform-dev": [

    ]
}
